// !$*UTF8*$!
{
	archiveVersion = 1;
	classes = {
	};
	objectVersion = 46;
	objects = {

/* Begin PBXBuildFile section */
		BF062D591C3F072C005A1E42 /* LoginViewController.swift in Sources */ = {isa = PBXBuildFile; fileRef = BF062D581C3F072C005A1E42 /* LoginViewController.swift */; };
		BF2014321C4EF8D80062732F /* Pods.framework in Frameworks */ = {isa = PBXBuildFile; fileRef = BF2014311C4EF8D80062732F /* Pods.framework */; };
		BF24319A1C28C12800B45F35 /* AppDelegate.swift in Sources */ = {isa = PBXBuildFile; fileRef = BF2431991C28C12800B45F35 /* AppDelegate.swift */; };
		BF24319C1C28C12800B45F35 /* ViewController.swift in Sources */ = {isa = PBXBuildFile; fileRef = BF24319B1C28C12800B45F35 /* ViewController.swift */; };
		BF24319F1C28C12800B45F35 /* Main.storyboard in Resources */ = {isa = PBXBuildFile; fileRef = BF24319D1C28C12800B45F35 /* Main.storyboard */; };
		BF2431A21C28C12800B45F35 /* Act_Accordingly.xcdatamodeld in Sources */ = {isa = PBXBuildFile; fileRef = BF2431A01C28C12800B45F35 /* Act_Accordingly.xcdatamodeld */; };
		BF2431A71C28C12800B45F35 /* LaunchScreen.storyboard in Resources */ = {isa = PBXBuildFile; fileRef = BF2431A51C28C12800B45F35 /* LaunchScreen.storyboard */; };
		BF2431AF1C28DA6E00B45F35 /* Images.xcassets in Resources */ = {isa = PBXBuildFile; fileRef = BF2431AE1C28DA6E00B45F35 /* Images.xcassets */; };
		BF2431B71C28E53900B45F35 /* NotificationCenter.framework in Frameworks */ = {isa = PBXBuildFile; fileRef = BF2431B61C28E53900B45F35 /* NotificationCenter.framework */; };
		BF2431BA1C28E53900B45F35 /* TodayViewController.swift in Sources */ = {isa = PBXBuildFile; fileRef = BF2431B91C28E53900B45F35 /* TodayViewController.swift */; };
		BF2431BD1C28E53900B45F35 /* MainInterface.storyboard in Resources */ = {isa = PBXBuildFile; fileRef = BF2431BB1C28E53900B45F35 /* MainInterface.storyboard */; };
		BF2431C11C28E53900B45F35 /* LifeWatch.appex in Embed App Extensions */ = {isa = PBXBuildFile; fileRef = BF2431B41C28E53900B45F35 /* LifeWatch.appex */; settings = {ATTRIBUTES = (RemoveHeadersOnCopy, ); }; };
		BF4265C71C48F4A6004423DE /* Reachability.swift in Sources */ = {isa = PBXBuildFile; fileRef = BF4265C61C48F4A6004423DE /* Reachability.swift */; };
		BF4265C81C48F4A6004423DE /* Reachability.swift in Sources */ = {isa = PBXBuildFile; fileRef = BF4265C61C48F4A6004423DE /* Reachability.swift */; };
		BF4DB1D31C3E217000D48081 /* LifeWatchDataKit.h in Headers */ = {isa = PBXBuildFile; fileRef = BF4DB1D21C3E217000D48081 /* LifeWatchDataKit.h */; settings = {ATTRIBUTES = (Public, ); }; };
		BF4DB1D71C3E217000D48081 /* LifeWatch.framework in Frameworks */ = {isa = PBXBuildFile; fileRef = BF4DB1D01C3E217000D48081 /* LifeWatch.framework */; };
		BF4DB1D81C3E217000D48081 /* LifeWatch.framework in Embed Frameworks */ = {isa = PBXBuildFile; fileRef = BF4DB1D01C3E217000D48081 /* LifeWatch.framework */; settings = {ATTRIBUTES = (CodeSignOnCopy, RemoveHeadersOnCopy, ); }; };
		BF4DB1DE1C3E233D00D48081 /* SharedFunctions.swift in Sources */ = {isa = PBXBuildFile; fileRef = BF4DB1DD1C3E233D00D48081 /* SharedFunctions.swift */; };
		BF4DB1DF1C3E23DD00D48081 /* LifeWatch.framework in Frameworks */ = {isa = PBXBuildFile; fileRef = BF4DB1D01C3E217000D48081 /* LifeWatch.framework */; };
		BF4DB1E01C3E264D00D48081 /* SharedFunctions.swift in Sources */ = {isa = PBXBuildFile; fileRef = BF4DB1DD1C3E233D00D48081 /* SharedFunctions.swift */; };
		BF4DB1E11C3E264E00D48081 /* SharedFunctions.swift in Sources */ = {isa = PBXBuildFile; fileRef = BF4DB1DD1C3E233D00D48081 /* SharedFunctions.swift */; };
		BF78162C1C4EE67700F2252A /* Pods.framework in Frameworks */ = {isa = PBXBuildFile; fileRef = 6242B6C29765DB2F5694D2DA /* Pods.framework */; };
		BFB8713A1C4308D700F36560 /* countryPickerViewController.swift in Sources */ = {isa = PBXBuildFile; fileRef = BFB871391C4308D700F36560 /* countryPickerViewController.swift */; };
/* End PBXBuildFile section */

/* Begin PBXContainerItemProxy section */
		BF2431BF1C28E53900B45F35 /* PBXContainerItemProxy */ = {
			isa = PBXContainerItemProxy;
			containerPortal = BF24318E1C28C12800B45F35 /* Project object */;
			proxyType = 1;
			remoteGlobalIDString = BF2431B31C28E53900B45F35;
			remoteInfo = LifeWatchTodayExtension;
		};
		BF4DB1D51C3E217000D48081 /* PBXContainerItemProxy */ = {
			isa = PBXContainerItemProxy;
			containerPortal = BF24318E1C28C12800B45F35 /* Project object */;
			proxyType = 1;
			remoteGlobalIDString = BF4DB1CF1C3E217000D48081;
			remoteInfo = LifeWatchDataKit;
		};
/* End PBXContainerItemProxy section */

/* Begin PBXCopyFilesBuildPhase section */
		BF2431C51C28E53900B45F35 /* Embed App Extensions */ = {
			isa = PBXCopyFilesBuildPhase;
			buildActionMask = 2147483647;
			dstPath = "";
			dstSubfolderSpec = 13;
			files = (
				BF2431C11C28E53900B45F35 /* LifeWatch.appex in Embed App Extensions */,
			);
			name = "Embed App Extensions";
			runOnlyForDeploymentPostprocessing = 0;
		};
		BF4DB1DC1C3E217000D48081 /* Embed Frameworks */ = {
			isa = PBXCopyFilesBuildPhase;
			buildActionMask = 2147483647;
			dstPath = "";
			dstSubfolderSpec = 10;
			files = (
				BF4DB1D81C3E217000D48081 /* LifeWatch.framework in Embed Frameworks */,
			);
			name = "Embed Frameworks";
			runOnlyForDeploymentPostprocessing = 0;
		};
/* End PBXCopyFilesBuildPhase section */

/* Begin PBXFileReference section */
		139A532A17EA0D774297A43A /* Pods.debug.xcconfig */ = {isa = PBXFileReference; includeInIndex = 1; lastKnownFileType = text.xcconfig; name = Pods.debug.xcconfig; path = "Pods/Target Support Files/Pods/Pods.debug.xcconfig"; sourceTree = "<group>"; };
		6242B6C29765DB2F5694D2DA /* Pods.framework */ = {isa = PBXFileReference; explicitFileType = wrapper.framework; includeInIndex = 0; name = Pods.framework; path = "/Users/mattdoyle/Google Drive/Springnet Design/Programming/Swift/Act Accordingly/build/Debug-iphoneos/Pods.framework"; sourceTree = "<absolute>"; };
		BF062D511C3E6E8D005A1E42 /* LifeWatch-Bridging-Header.h */ = {isa = PBXFileReference; lastKnownFileType = sourcecode.c.h; path = "LifeWatch-Bridging-Header.h"; sourceTree = "<group>"; };
		BF062D581C3F072C005A1E42 /* LoginViewController.swift */ = {isa = PBXFileReference; fileEncoding = 4; lastKnownFileType = sourcecode.swift; path = LoginViewController.swift; sourceTree = "<group>"; };
		BF2014311C4EF8D80062732F /* Pods.framework */ = {isa = PBXFileReference; lastKnownFileType = wrapper.framework; name = Pods.framework; path = "Pods/../build/Debug-iphoneos/Pods.framework"; sourceTree = "<group>"; };
		BF2431961C28C12800B45F35 /* LifeWatch.app */ = {isa = PBXFileReference; explicitFileType = wrapper.application; includeInIndex = 0; path = LifeWatch.app; sourceTree = BUILT_PRODUCTS_DIR; };
		BF2431991C28C12800B45F35 /* AppDelegate.swift */ = {isa = PBXFileReference; lastKnownFileType = sourcecode.swift; path = AppDelegate.swift; sourceTree = "<group>"; };
		BF24319B1C28C12800B45F35 /* ViewController.swift */ = {isa = PBXFileReference; lastKnownFileType = sourcecode.swift; path = ViewController.swift; sourceTree = "<group>"; };
		BF24319E1C28C12800B45F35 /* Base */ = {isa = PBXFileReference; lastKnownFileType = file.storyboard; name = Base; path = Base.lproj/Main.storyboard; sourceTree = "<group>"; };
		BF2431A11C28C12800B45F35 /* Act_Accordingly.xcdatamodel */ = {isa = PBXFileReference; lastKnownFileType = wrapper.xcdatamodel; path = Act_Accordingly.xcdatamodel; sourceTree = "<group>"; };
		BF2431A61C28C12800B45F35 /* Base */ = {isa = PBXFileReference; lastKnownFileType = file.storyboard; name = Base; path = Base.lproj/LaunchScreen.storyboard; sourceTree = "<group>"; };
		BF2431A81C28C12800B45F35 /* Info.plist */ = {isa = PBXFileReference; lastKnownFileType = text.plist.xml; path = Info.plist; sourceTree = "<group>"; };
		BF2431AE1C28DA6E00B45F35 /* Images.xcassets */ = {isa = PBXFileReference; lastKnownFileType = folder.assetcatalog; path = Images.xcassets; sourceTree = "<group>"; };
		BF2431B41C28E53900B45F35 /* LifeWatch.appex */ = {isa = PBXFileReference; explicitFileType = "wrapper.app-extension"; includeInIndex = 0; path = LifeWatch.appex; sourceTree = BUILT_PRODUCTS_DIR; };
		BF2431B61C28E53900B45F35 /* NotificationCenter.framework */ = {isa = PBXFileReference; lastKnownFileType = wrapper.framework; name = NotificationCenter.framework; path = System/Library/Frameworks/NotificationCenter.framework; sourceTree = SDKROOT; };
		BF2431B91C28E53900B45F35 /* TodayViewController.swift */ = {isa = PBXFileReference; lastKnownFileType = sourcecode.swift; path = TodayViewController.swift; sourceTree = "<group>"; };
		BF2431BC1C28E53900B45F35 /* Base */ = {isa = PBXFileReference; lastKnownFileType = file.storyboard; name = Base; path = Base.lproj/MainInterface.storyboard; sourceTree = "<group>"; };
		BF2431BE1C28E53900B45F35 /* Info.plist */ = {isa = PBXFileReference; lastKnownFileType = text.plist.xml; path = Info.plist; sourceTree = "<group>"; };
		BF2431C61C28E6FF00B45F35 /* LifeWatch.entitlements */ = {isa = PBXFileReference; lastKnownFileType = text.xml; path = LifeWatch.entitlements; sourceTree = "<group>"; };
		BF2431C71C28E79800B45F35 /* LifeWatchTodayExtension.entitlements */ = {isa = PBXFileReference; lastKnownFileType = text.xml; path = LifeWatchTodayExtension.entitlements; sourceTree = "<group>"; };
		BF4265C61C48F4A6004423DE /* Reachability.swift */ = {isa = PBXFileReference; fileEncoding = 4; lastKnownFileType = sourcecode.swift; path = Reachability.swift; sourceTree = "<group>"; };
		BF4DB1D01C3E217000D48081 /* LifeWatch.framework */ = {isa = PBXFileReference; explicitFileType = wrapper.framework; includeInIndex = 0; path = LifeWatch.framework; sourceTree = BUILT_PRODUCTS_DIR; };
		BF4DB1D21C3E217000D48081 /* LifeWatchDataKit.h */ = {isa = PBXFileReference; lastKnownFileType = sourcecode.c.h; path = LifeWatchDataKit.h; sourceTree = "<group>"; };
		BF4DB1D41C3E217000D48081 /* Info.plist */ = {isa = PBXFileReference; lastKnownFileType = text.plist.xml; path = Info.plist; sourceTree = "<group>"; };
		BF4DB1DD1C3E233D00D48081 /* SharedFunctions.swift */ = {isa = PBXFileReference; fileEncoding = 4; lastKnownFileType = sourcecode.swift; path = SharedFunctions.swift; sourceTree = "<group>"; };
		BFB871391C4308D700F36560 /* countryPickerViewController.swift */ = {isa = PBXFileReference; fileEncoding = 4; lastKnownFileType = sourcecode.swift; path = countryPickerViewController.swift; sourceTree = "<group>"; };
		DA475EADE09AAA489ED84BB7 /* Pods.release.xcconfig */ = {isa = PBXFileReference; includeInIndex = 1; lastKnownFileType = text.xcconfig; name = Pods.release.xcconfig; path = "Pods/Target Support Files/Pods/Pods.release.xcconfig"; sourceTree = "<group>"; };
/* End PBXFileReference section */

/* Begin PBXFrameworksBuildPhase section */
		BF2431931C28C12800B45F35 /* Frameworks */ = {
			isa = PBXFrameworksBuildPhase;
			buildActionMask = 2147483647;
			files = (
				BF78162C1C4EE67700F2252A /* Pods.framework in Frameworks */,
				BF4DB1D71C3E217000D48081 /* LifeWatch.framework in Frameworks */,
			);
			runOnlyForDeploymentPostprocessing = 0;
		};
		BF2431B11C28E53900B45F35 /* Frameworks */ = {
			isa = PBXFrameworksBuildPhase;
			buildActionMask = 2147483647;
			files = (
				BF4DB1DF1C3E23DD00D48081 /* LifeWatch.framework in Frameworks */,
				BF2431B71C28E53900B45F35 /* NotificationCenter.framework in Frameworks */,
			);
			runOnlyForDeploymentPostprocessing = 0;
		};
		BF4DB1CC1C3E217000D48081 /* Frameworks */ = {
			isa = PBXFrameworksBuildPhase;
			buildActionMask = 2147483647;
			files = (
				BF2014321C4EF8D80062732F /* Pods.framework in Frameworks */,
			);
			runOnlyForDeploymentPostprocessing = 0;
		};
/* End PBXFrameworksBuildPhase section */

/* Begin PBXGroup section */
		AF827B491469ADE39198D349 /* Pods */ = {
			isa = PBXGroup;
			children = (
				139A532A17EA0D774297A43A /* Pods.debug.xcconfig */,
				DA475EADE09AAA489ED84BB7 /* Pods.release.xcconfig */,
			);
			name = Pods;
			sourceTree = "<group>";
		};
		BF24318D1C28C12800B45F35 = {
			isa = PBXGroup;
			children = (
				BF2431C61C28E6FF00B45F35 /* LifeWatch.entitlements */,
				BF2431981C28C12800B45F35 /* Act Accordingly */,
				BF2431B81C28E53900B45F35 /* LifeWatchTodayExtension */,
				BF4DB1D11C3E217000D48081 /* LifeWatchDataKit */,
				BF2431B51C28E53900B45F35 /* Frameworks */,
				BF2431971C28C12800B45F35 /* Products */,
				AF827B491469ADE39198D349 /* Pods */,
			);
			sourceTree = "<group>";
		};
		BF2431971C28C12800B45F35 /* Products */ = {
			isa = PBXGroup;
			children = (
				BF2431961C28C12800B45F35 /* LifeWatch.app */,
				BF2431B41C28E53900B45F35 /* LifeWatch.appex */,
				BF4DB1D01C3E217000D48081 /* LifeWatch.framework */,
			);
			name = Products;
			sourceTree = "<group>";
		};
		BF2431981C28C12800B45F35 /* Act Accordingly */ = {
			isa = PBXGroup;
			children = (
				BF2431991C28C12800B45F35 /* AppDelegate.swift */,
				BF062D581C3F072C005A1E42 /* LoginViewController.swift */,
				BF24319B1C28C12800B45F35 /* ViewController.swift */,
				BFB871391C4308D700F36560 /* countryPickerViewController.swift */,
				BF24319D1C28C12800B45F35 /* Main.storyboard */,
				BF2431A51C28C12800B45F35 /* LaunchScreen.storyboard */,
				BF2431AE1C28DA6E00B45F35 /* Images.xcassets */,
				BF2431A81C28C12800B45F35 /* Info.plist */,
				BF2431A01C28C12800B45F35 /* Act_Accordingly.xcdatamodeld */,
				BF062D511C3E6E8D005A1E42 /* LifeWatch-Bridging-Header.h */,
			);
			path = "Act Accordingly";
			sourceTree = "<group>";
		};
		BF2431B51C28E53900B45F35 /* Frameworks */ = {
			isa = PBXGroup;
			children = (
				BF2014311C4EF8D80062732F /* Pods.framework */,
				BF2431B61C28E53900B45F35 /* NotificationCenter.framework */,
			);
			name = Frameworks;
			sourceTree = "<group>";
		};
		BF2431B81C28E53900B45F35 /* LifeWatchTodayExtension */ = {
			isa = PBXGroup;
			children = (
				BF2431C71C28E79800B45F35 /* LifeWatchTodayExtension.entitlements */,
				BF2431B91C28E53900B45F35 /* TodayViewController.swift */,
				BF2431BB1C28E53900B45F35 /* MainInterface.storyboard */,
				BF2431BE1C28E53900B45F35 /* Info.plist */,
			);
			path = LifeWatchTodayExtension;
			sourceTree = "<group>";
		};
		BF4DB1D11C3E217000D48081 /* LifeWatchDataKit */ = {
			isa = PBXGroup;
			children = (
				BF4DB1D21C3E217000D48081 /* LifeWatchDataKit.h */,
				BF4DB1D41C3E217000D48081 /* Info.plist */,
				BF4DB1DD1C3E233D00D48081 /* SharedFunctions.swift */,
				BF4265C61C48F4A6004423DE /* Reachability.swift */,
			);
			path = LifeWatchDataKit;
			sourceTree = "<group>";
		};
/* End PBXGroup section */

/* Begin PBXHeadersBuildPhase section */
		BF4DB1CD1C3E217000D48081 /* Headers */ = {
			isa = PBXHeadersBuildPhase;
			buildActionMask = 2147483647;
			files = (
				BF4DB1D31C3E217000D48081 /* LifeWatchDataKit.h in Headers */,
			);
			runOnlyForDeploymentPostprocessing = 0;
		};
/* End PBXHeadersBuildPhase section */

/* Begin PBXNativeTarget section */
		BF2431951C28C12800B45F35 /* LifeWatch */ = {
			isa = PBXNativeTarget;
			buildConfigurationList = BF2431AB1C28C12800B45F35 /* Build configuration list for PBXNativeTarget "LifeWatch" */;
			buildPhases = (
				78826E9CDD750BE7940FC76C /* Check Pods Manifest.lock */,
				BF2431921C28C12800B45F35 /* Sources */,
				BF2431931C28C12800B45F35 /* Frameworks */,
				BF2431941C28C12800B45F35 /* Resources */,
				BF2431C51C28E53900B45F35 /* Embed App Extensions */,
				CD43ED1EF3C926FCF6FFBECD /* Embed Pods Frameworks */,
				9B489C4731311660EE8C7872 /* Copy Pods Resources */,
				BF4DB1DC1C3E217000D48081 /* Embed Frameworks */,
			);
			buildRules = (
			);
			dependencies = (
				BF2431C01C28E53900B45F35 /* PBXTargetDependency */,
				BF4DB1D61C3E217000D48081 /* PBXTargetDependency */,
			);
			name = LifeWatch;
			productName = "Act Accordingly";
			productReference = BF2431961C28C12800B45F35 /* LifeWatch.app */;
			productType = "com.apple.product-type.application";
		};
		BF2431B31C28E53900B45F35 /* LifeWatchTodayExtension */ = {
			isa = PBXNativeTarget;
			buildConfigurationList = BF2431C21C28E53900B45F35 /* Build configuration list for PBXNativeTarget "LifeWatchTodayExtension" */;
			buildPhases = (
				BF2431B01C28E53900B45F35 /* Sources */,
				BF2431B11C28E53900B45F35 /* Frameworks */,
				BF2431B21C28E53900B45F35 /* Resources */,
			);
			buildRules = (
			);
			dependencies = (
			);
			name = LifeWatchTodayExtension;
			productName = LifeWatchTodayExtension;
			productReference = BF2431B41C28E53900B45F35 /* LifeWatch.appex */;
			productType = "com.apple.product-type.app-extension";
		};
		BF4DB1CF1C3E217000D48081 /* LifeWatchDataKit */ = {
			isa = PBXNativeTarget;
			buildConfigurationList = BF4DB1DB1C3E217000D48081 /* Build configuration list for PBXNativeTarget "LifeWatchDataKit" */;
			buildPhases = (
				BF4DB1CB1C3E217000D48081 /* Sources */,
				BF4DB1CC1C3E217000D48081 /* Frameworks */,
				BF4DB1CD1C3E217000D48081 /* Headers */,
				BF4DB1CE1C3E217000D48081 /* Resources */,
			);
			buildRules = (
			);
			dependencies = (
			);
			name = LifeWatchDataKit;
			productName = LifeWatchDataKit;
			productReference = BF4DB1D01C3E217000D48081 /* LifeWatch.framework */;
			productType = "com.apple.product-type.framework";
		};
/* End PBXNativeTarget section */

/* Begin PBXProject section */
		BF24318E1C28C12800B45F35 /* Project object */ = {
			isa = PBXProject;
			attributes = {
				LastSwiftUpdateCheck = 0720;
				LastUpgradeCheck = 0720;
				ORGANIZATIONNAME = llumicode;
				TargetAttributes = {
					BF2431951C28C12800B45F35 = {
						CreatedOnToolsVersion = 7.2;
						DevelopmentTeam = 7D9NXEU76F;
						SystemCapabilities = {
							com.apple.ApplicationGroups.iOS = {
								enabled = 1;
							};
						};
					};
					BF2431B31C28E53900B45F35 = {
						CreatedOnToolsVersion = 7.2;
						DevelopmentTeam = 7D9NXEU76F;
						SystemCapabilities = {
							com.apple.ApplicationGroups.iOS = {
								enabled = 1;
							};
						};
					};
					BF4DB1CF1C3E217000D48081 = {
						CreatedOnToolsVersion = 7.2;
						DevelopmentTeam = 7D9NXEU76F;
					};
				};
			};
			buildConfigurationList = BF2431911C28C12800B45F35 /* Build configuration list for PBXProject "LifeWatch" */;
			compatibilityVersion = "Xcode 3.2";
			developmentRegion = English;
			hasScannedForEncodings = 0;
			knownRegions = (
				en,
				Base,
			);
			mainGroup = BF24318D1C28C12800B45F35;
			productRefGroup = BF2431971C28C12800B45F35 /* Products */;
			projectDirPath = "";
			projectRoot = "";
			targets = (
				BF2431951C28C12800B45F35 /* LifeWatch */,
				BF2431B31C28E53900B45F35 /* LifeWatchTodayExtension */,
				BF4DB1CF1C3E217000D48081 /* LifeWatchDataKit */,
			);
		};
/* End PBXProject section */

/* Begin PBXResourcesBuildPhase section */
		BF2431941C28C12800B45F35 /* Resources */ = {
			isa = PBXResourcesBuildPhase;
			buildActionMask = 2147483647;
			files = (
				BF2431AF1C28DA6E00B45F35 /* Images.xcassets in Resources */,
				BF2431A71C28C12800B45F35 /* LaunchScreen.storyboard in Resources */,
				BF24319F1C28C12800B45F35 /* Main.storyboard in Resources */,
			);
			runOnlyForDeploymentPostprocessing = 0;
		};
		BF2431B21C28E53900B45F35 /* Resources */ = {
			isa = PBXResourcesBuildPhase;
			buildActionMask = 2147483647;
			files = (
				BF2431BD1C28E53900B45F35 /* MainInterface.storyboard in Resources */,
			);
			runOnlyForDeploymentPostprocessing = 0;
		};
		BF4DB1CE1C3E217000D48081 /* Resources */ = {
			isa = PBXResourcesBuildPhase;
			buildActionMask = 2147483647;
			files = (
			);
			runOnlyForDeploymentPostprocessing = 0;
		};
/* End PBXResourcesBuildPhase section */

/* Begin PBXShellScriptBuildPhase section */
		78826E9CDD750BE7940FC76C /* Check Pods Manifest.lock */ = {
			isa = PBXShellScriptBuildPhase;
			buildActionMask = 2147483647;
			files = (
			);
			inputPaths = (
			);
			name = "Check Pods Manifest.lock";
			outputPaths = (
			);
			runOnlyForDeploymentPostprocessing = 0;
			shellPath = /bin/sh;
			shellScript = "diff \"${PODS_ROOT}/../Podfile.lock\" \"${PODS_ROOT}/Manifest.lock\" > /dev/null\nif [[ $? != 0 ]] ; then\n    cat << EOM\nerror: The sandbox is not in sync with the Podfile.lock. Run 'pod install' or update your CocoaPods installation.\nEOM\n    exit 1\nfi\n";
			showEnvVarsInLog = 0;
		};
		9B489C4731311660EE8C7872 /* Copy Pods Resources */ = {
			isa = PBXShellScriptBuildPhase;
			buildActionMask = 2147483647;
			files = (
			);
			inputPaths = (
			);
			name = "Copy Pods Resources";
			outputPaths = (
			);
			runOnlyForDeploymentPostprocessing = 0;
			shellPath = /bin/sh;
			shellScript = "\"${SRCROOT}/Pods/Target Support Files/Pods/Pods-resources.sh\"\n";
			showEnvVarsInLog = 0;
		};
		CD43ED1EF3C926FCF6FFBECD /* Embed Pods Frameworks */ = {
			isa = PBXShellScriptBuildPhase;
			buildActionMask = 2147483647;
			files = (
			);
			inputPaths = (
			);
			name = "Embed Pods Frameworks";
			outputPaths = (
			);
			runOnlyForDeploymentPostprocessing = 0;
			shellPath = /bin/sh;
			shellScript = "\"${SRCROOT}/Pods/Target Support Files/Pods/Pods-frameworks.sh\"\n";
			showEnvVarsInLog = 0;
		};
/* End PBXShellScriptBuildPhase section */

/* Begin PBXSourcesBuildPhase section */
		BF2431921C28C12800B45F35 /* Sources */ = {
			isa = PBXSourcesBuildPhase;
			buildActionMask = 2147483647;
			files = (
				BF4265C71C48F4A6004423DE /* Reachability.swift in Sources */,
				BF4DB1E01C3E264D00D48081 /* SharedFunctions.swift in Sources */,
				BF2431A21C28C12800B45F35 /* Act_Accordingly.xcdatamodeld in Sources */,
				BF24319C1C28C12800B45F35 /* ViewController.swift in Sources */,
				BF062D591C3F072C005A1E42 /* LoginViewController.swift in Sources */,
				BF24319A1C28C12800B45F35 /* AppDelegate.swift in Sources */,
				BFB8713A1C4308D700F36560 /* countryPickerViewController.swift in Sources */,
			);
			runOnlyForDeploymentPostprocessing = 0;
		};
		BF2431B01C28E53900B45F35 /* Sources */ = {
			isa = PBXSourcesBuildPhase;
			buildActionMask = 2147483647;
			files = (
				BF4DB1E11C3E264E00D48081 /* SharedFunctions.swift in Sources */,
				BF2431BA1C28E53900B45F35 /* TodayViewController.swift in Sources */,
			);
			runOnlyForDeploymentPostprocessing = 0;
		};
		BF4DB1CB1C3E217000D48081 /* Sources */ = {
			isa = PBXSourcesBuildPhase;
			buildActionMask = 2147483647;
			files = (
				BF4265C81C48F4A6004423DE /* Reachability.swift in Sources */,
				BF4DB1DE1C3E233D00D48081 /* SharedFunctions.swift in Sources */,
			);
			runOnlyForDeploymentPostprocessing = 0;
		};
/* End PBXSourcesBuildPhase section */

/* Begin PBXTargetDependency section */
		BF2431C01C28E53900B45F35 /* PBXTargetDependency */ = {
			isa = PBXTargetDependency;
			target = BF2431B31C28E53900B45F35 /* LifeWatchTodayExtension */;
			targetProxy = BF2431BF1C28E53900B45F35 /* PBXContainerItemProxy */;
		};
		BF4DB1D61C3E217000D48081 /* PBXTargetDependency */ = {
			isa = PBXTargetDependency;
			target = BF4DB1CF1C3E217000D48081 /* LifeWatchDataKit */;
			targetProxy = BF4DB1D51C3E217000D48081 /* PBXContainerItemProxy */;
		};
/* End PBXTargetDependency section */

/* Begin PBXVariantGroup section */
		BF24319D1C28C12800B45F35 /* Main.storyboard */ = {
			isa = PBXVariantGroup;
			children = (
				BF24319E1C28C12800B45F35 /* Base */,
			);
			name = Main.storyboard;
			sourceTree = "<group>";
		};
		BF2431A51C28C12800B45F35 /* LaunchScreen.storyboard */ = {
			isa = PBXVariantGroup;
			children = (
				BF2431A61C28C12800B45F35 /* Base */,
			);
			name = LaunchScreen.storyboard;
			sourceTree = "<group>";
		};
		BF2431BB1C28E53900B45F35 /* MainInterface.storyboard */ = {
			isa = PBXVariantGroup;
			children = (
				BF2431BC1C28E53900B45F35 /* Base */,
			);
			name = MainInterface.storyboard;
			sourceTree = "<group>";
		};
/* End PBXVariantGroup section */

/* Begin XCBuildConfiguration section */
		BF2431A91C28C12800B45F35 /* Debug */ = {
			isa = XCBuildConfiguration;
			buildSettings = {
				ALWAYS_SEARCH_USER_PATHS = NO;
				CLANG_CXX_LANGUAGE_STANDARD = "gnu++0x";
				CLANG_CXX_LIBRARY = "libc++";
				CLANG_ENABLE_MODULES = YES;
				CLANG_ENABLE_OBJC_ARC = YES;
				CLANG_WARN_BOOL_CONVERSION = YES;
				CLANG_WARN_CONSTANT_CONVERSION = YES;
				CLANG_WARN_DIRECT_OBJC_ISA_USAGE = YES_ERROR;
				CLANG_WARN_EMPTY_BODY = YES;
				CLANG_WARN_ENUM_CONVERSION = YES;
				CLANG_WARN_INT_CONVERSION = YES;
				CLANG_WARN_OBJC_ROOT_CLASS = YES_ERROR;
				CLANG_WARN_UNREACHABLE_CODE = YES;
				CLANG_WARN__DUPLICATE_METHOD_MATCH = YES;
				"CODE_SIGN_IDENTITY[sdk=iphoneos*]" = "iPhone Developer";
				COPY_PHASE_STRIP = NO;
				DEBUG_INFORMATION_FORMAT = dwarf;
				ENABLE_STRICT_OBJC_MSGSEND = YES;
				ENABLE_TESTABILITY = YES;
				GCC_C_LANGUAGE_STANDARD = gnu99;
				GCC_DYNAMIC_NO_PIC = NO;
				GCC_NO_COMMON_BLOCKS = YES;
				GCC_OPTIMIZATION_LEVEL = 0;
				GCC_PREPROCESSOR_DEFINITIONS = (
					"DEBUG=1",
					"$(inherited)",
				);
				GCC_WARN_64_TO_32_BIT_CONVERSION = YES;
				GCC_WARN_ABOUT_RETURN_TYPE = YES_ERROR;
				GCC_WARN_UNDECLARED_SELECTOR = YES;
				GCC_WARN_UNINITIALIZED_AUTOS = YES_AGGRESSIVE;
				GCC_WARN_UNUSED_FUNCTION = YES;
				GCC_WARN_UNUSED_VARIABLE = YES;
				IPHONEOS_DEPLOYMENT_TARGET = 9.2;
				MTL_ENABLE_DEBUG_INFO = YES;
				ONLY_ACTIVE_ARCH = YES;
				SDKROOT = iphoneos;
				SWIFT_OPTIMIZATION_LEVEL = "-Onone";
			};
			name = Debug;
		};
		BF2431AA1C28C12800B45F35 /* Release */ = {
			isa = XCBuildConfiguration;
			buildSettings = {
				ALWAYS_SEARCH_USER_PATHS = NO;
				CLANG_CXX_LANGUAGE_STANDARD = "gnu++0x";
				CLANG_CXX_LIBRARY = "libc++";
				CLANG_ENABLE_MODULES = YES;
				CLANG_ENABLE_OBJC_ARC = YES;
				CLANG_WARN_BOOL_CONVERSION = YES;
				CLANG_WARN_CONSTANT_CONVERSION = YES;
				CLANG_WARN_DIRECT_OBJC_ISA_USAGE = YES_ERROR;
				CLANG_WARN_EMPTY_BODY = YES;
				CLANG_WARN_ENUM_CONVERSION = YES;
				CLANG_WARN_INT_CONVERSION = YES;
				CLANG_WARN_OBJC_ROOT_CLASS = YES_ERROR;
				CLANG_WARN_UNREACHABLE_CODE = YES;
				CLANG_WARN__DUPLICATE_METHOD_MATCH = YES;
				"CODE_SIGN_IDENTITY[sdk=iphoneos*]" = "iPhone Developer";
				COPY_PHASE_STRIP = NO;
				DEBUG_INFORMATION_FORMAT = "dwarf-with-dsym";
				ENABLE_NS_ASSERTIONS = NO;
				ENABLE_STRICT_OBJC_MSGSEND = YES;
				GCC_C_LANGUAGE_STANDARD = gnu99;
				GCC_NO_COMMON_BLOCKS = YES;
				GCC_WARN_64_TO_32_BIT_CONVERSION = YES;
				GCC_WARN_ABOUT_RETURN_TYPE = YES_ERROR;
				GCC_WARN_UNDECLARED_SELECTOR = YES;
				GCC_WARN_UNINITIALIZED_AUTOS = YES_AGGRESSIVE;
				GCC_WARN_UNUSED_FUNCTION = YES;
				GCC_WARN_UNUSED_VARIABLE = YES;
				IPHONEOS_DEPLOYMENT_TARGET = 9.2;
				MTL_ENABLE_DEBUG_INFO = NO;
				SDKROOT = iphoneos;
				SWIFT_OPTIMIZATION_LEVEL = "-Owholemodule";
				VALIDATE_PRODUCT = YES;
			};
			name = Release;
		};
		BF2431AC1C28C12800B45F35 /* Debug */ = {
			isa = XCBuildConfiguration;
			baseConfigurationReference = 139A532A17EA0D774297A43A /* Pods.debug.xcconfig */;
			buildSettings = {
				ASSETCATALOG_COMPILER_APPICON_NAME = AppIcon;
				CODE_SIGN_ENTITLEMENTS = LifeWatch.entitlements;
				CODE_SIGN_IDENTITY = "iPhone Developer";
				"CODE_SIGN_IDENTITY[sdk=iphoneos*]" = "iPhone Developer";
				EMBEDDED_CONTENT_CONTAINS_SWIFT = YES;
				FRAMEWORK_SEARCH_PATHS = (
					"$(inherited)",
					"$(PROJECT_DIR)/build/Debug-iphoneos",
				);
				INFOPLIST_FILE = "Act Accordingly/Info.plist";
				IPHONEOS_DEPLOYMENT_TARGET = 9.0;
				LD_RUNPATH_SEARCH_PATHS = "$(inherited) @executable_path/Frameworks";
				PRODUCT_BUNDLE_IDENTIFIER = com.llumicode.LifeWatch2;
				PRODUCT_NAME = LifeWatch;
				PROVISIONING_PROFILE = "";
				SWIFT_OBJC_BRIDGING_HEADER = "Act Accordingly/LifeWatch-Bridging-Header.h";
			};
			name = Debug;
		};
		BF2431AD1C28C12800B45F35 /* Release */ = {
			isa = XCBuildConfiguration;
			baseConfigurationReference = DA475EADE09AAA489ED84BB7 /* Pods.release.xcconfig */;
			buildSettings = {
				ASSETCATALOG_COMPILER_APPICON_NAME = AppIcon;
				CODE_SIGN_ENTITLEMENTS = LifeWatch.entitlements;
				CODE_SIGN_IDENTITY = "iPhone Developer";
				"CODE_SIGN_IDENTITY[sdk=iphoneos*]" = "iPhone Developer";
				EMBEDDED_CONTENT_CONTAINS_SWIFT = YES;
				FRAMEWORK_SEARCH_PATHS = (
					"$(inherited)",
					"$(PROJECT_DIR)/build/Debug-iphoneos",
				);
				INFOPLIST_FILE = "Act Accordingly/Info.plist";
				IPHONEOS_DEPLOYMENT_TARGET = 9.0;
				LD_RUNPATH_SEARCH_PATHS = "$(inherited) @executable_path/Frameworks";
				PRODUCT_BUNDLE_IDENTIFIER = com.llumicode.LifeWatch2;
				PRODUCT_NAME = LifeWatch;
				PROVISIONING_PROFILE = "";
				SWIFT_OBJC_BRIDGING_HEADER = "Act Accordingly/LifeWatch-Bridging-Header.h";
			};
			name = Release;
		};
		BF2431C31C28E53900B45F35 /* Debug */ = {
			isa = XCBuildConfiguration;
			buildSettings = {
				ASSETCATALOG_COMPILER_APPICON_NAME = AppIcon;
				CODE_SIGN_ENTITLEMENTS = LifeWatchTodayExtension/LifeWatchTodayExtension.entitlements;
				CODE_SIGN_IDENTITY = "iPhone Developer";
				"CODE_SIGN_IDENTITY[sdk=iphoneos*]" = "iPhone Developer";
				FRAMEWORK_SEARCH_PATHS = (
					"$(inherited)",
					"$(PROJECT_DIR)/build/Debug-iphoneos",
				);
				INFOPLIST_FILE = LifeWatchTodayExtension/Info.plist;
				LD_RUNPATH_SEARCH_PATHS = "$(inherited) @executable_path/Frameworks @executable_path/../../Frameworks";
				PRODUCT_BUNDLE_IDENTIFIER = com.llumicode.LifeWatch2.LifeWatchTodayExtension2;
				PRODUCT_NAME = LifeWatch;
				PROVISIONING_PROFILE = "";
				SKIP_INSTALL = YES;
				SWIFT_OBJC_BRIDGING_HEADER = "";
				TARGETED_DEVICE_FAMILY = 1;
			};
			name = Debug;
		};
		BF2431C41C28E53900B45F35 /* Release */ = {
			isa = XCBuildConfiguration;
			buildSettings = {
				ASSETCATALOG_COMPILER_APPICON_NAME = AppIcon;
				CODE_SIGN_ENTITLEMENTS = LifeWatchTodayExtension/LifeWatchTodayExtension.entitlements;
				CODE_SIGN_IDENTITY = "iPhone Developer";
				"CODE_SIGN_IDENTITY[sdk=iphoneos*]" = "iPhone Developer";
				FRAMEWORK_SEARCH_PATHS = (
					"$(inherited)",
					"$(PROJECT_DIR)/build/Debug-iphoneos",
				);
				INFOPLIST_FILE = LifeWatchTodayExtension/Info.plist;
				LD_RUNPATH_SEARCH_PATHS = "$(inherited) @executable_path/Frameworks @executable_path/../../Frameworks";
				PRODUCT_BUNDLE_IDENTIFIER = com.llumicode.LifeWatch2.LifeWatchTodayExtension2;
				PRODUCT_NAME = LifeWatch;
				PROVISIONING_PROFILE = "";
				SKIP_INSTALL = YES;
				SWIFT_OBJC_BRIDGING_HEADER = "";
				TARGETED_DEVICE_FAMILY = 1;
			};
			name = Release;
		};
		BF4DB1D91C3E217000D48081 /* Debug */ = {
			isa = XCBuildConfiguration;
			buildSettings = {
				APPLICATION_EXTENSION_API_ONLY = YES;
				CLANG_ENABLE_MODULES = YES;
				CODE_SIGN_IDENTITY = "iPhone Developer";
				"CODE_SIGN_IDENTITY[sdk=iphoneos*]" = "iPhone Developer";
				CURRENT_PROJECT_VERSION = 1;
				DEFINES_MODULE = YES;
				DYLIB_COMPATIBILITY_VERSION = 1;
				DYLIB_CURRENT_VERSION = 1;
				DYLIB_INSTALL_NAME_BASE = "@rpath";
				FRAMEWORK_SEARCH_PATHS = (
					"$(inherited)",
					"$(PROJECT_DIR)/build/Debug-iphoneos",
				);
				INFOPLIST_FILE = LifeWatchDataKit/Info.plist;
				INSTALL_PATH = "$(LOCAL_LIBRARY_DIR)/Frameworks";
				LD_RUNPATH_SEARCH_PATHS = "$(inherited) @executable_path/Frameworks @loader_path/Frameworks";
				PRODUCT_BUNDLE_IDENTIFIER = com.llumicode.LifeWatchDataKit2;
				PRODUCT_NAME = LifeWatch;
				SKIP_INSTALL = YES;
				SWIFT_OPTIMIZATION_LEVEL = "-Onone";
				TARGETED_DEVICE_FAMILY = "1,2";
				VERSIONING_SYSTEM = "apple-generic";
				VERSION_INFO_PREFIX = "";
			};
			name = Debug;
		};
		BF4DB1DA1C3E217000D48081 /* Release */ = {
			isa = XCBuildConfiguration;
			buildSettings = {
				APPLICATION_EXTENSION_API_ONLY = YES;
				CLANG_ENABLE_MODULES = YES;
				CODE_SIGN_IDENTITY = "iPhone Developer";
				"CODE_SIGN_IDENTITY[sdk=iphoneos*]" = "iPhone Developer";
				CURRENT_PROJECT_VERSION = 1;
				DEFINES_MODULE = YES;
				DYLIB_COMPATIBILITY_VERSION = 1;
				DYLIB_CURRENT_VERSION = 1;
				DYLIB_INSTALL_NAME_BASE = "@rpath";
				FRAMEWORK_SEARCH_PATHS = (
					"$(inherited)",
					"$(PROJECT_DIR)/build/Debug-iphoneos",
				);
				INFOPLIST_FILE = LifeWatchDataKit/Info.plist;
				INSTALL_PATH = "$(LOCAL_LIBRARY_DIR)/Frameworks";
				LD_RUNPATH_SEARCH_PATHS = "$(inherited) @executable_path/Frameworks @loader_path/Frameworks";
				PRODUCT_BUNDLE_IDENTIFIER = com.llumicode.LifeWatchDataKit2;
				PRODUCT_NAME = LifeWatch;
				SKIP_INSTALL = YES;
				TARGETED_DEVICE_FAMILY = "1,2";
				VERSIONING_SYSTEM = "apple-generic";
				VERSION_INFO_PREFIX = "";
			};
			name = Release;
		};
/* End XCBuildConfiguration section */

/* Begin XCConfigurationList section */
		BF2431911C28C12800B45F35 /* Build configuration list for PBXProject "LifeWatch" */ = {
			isa = XCConfigurationList;
			buildConfigurations = (
				BF2431A91C28C12800B45F35 /* Debug */,
				BF2431AA1C28C12800B45F35 /* Release */,
			);
			defaultConfigurationIsVisible = 0;
			defaultConfigurationName = Release;
		};
		BF2431AB1C28C12800B45F35 /* Build configuration list for PBXNativeTarget "LifeWatch" */ = {
			isa = XCConfigurationList;
			buildConfigurations = (
				BF2431AC1C28C12800B45F35 /* Debug */,
				BF2431AD1C28C12800B45F35 /* Release */,
			);
			defaultConfigurationIsVisible = 0;
			defaultConfigurationName = Release;
		};
		BF2431C21C28E53900B45F35 /* Build configuration list for PBXNativeTarget "LifeWatchTodayExtension" */ = {
			isa = XCConfigurationList;
			buildConfigurations = (
				BF2431C31C28E53900B45F35 /* Debug */,
				BF2431C41C28E53900B45F35 /* Release */,
			);
			defaultConfigurationIsVisible = 0;
			defaultConfigurationName = Release;
		};
		BF4DB1DB1C3E217000D48081 /* Build configuration list for PBXNativeTarget "LifeWatchDataKit" */ = {
			isa = XCConfigurationList;
			buildConfigurations = (
				BF4DB1D91C3E217000D48081 /* Debug */,
				BF4DB1DA1C3E217000D48081 /* Release */,
			);
			defaultConfigurationIsVisible = 0;
			defaultConfigurationName = Release;
		};
/* End XCConfigurationList section */

/* Begin XCVersionGroup section */
		BF2431A01C28C12800B45F35 /* Act_Accordingly.xcdatamodeld */ = {
			isa = XCVersionGroup;
			children = (
				BF2431A11C28C12800B45F35 /* Act_Accordingly.xcdatamodel */,
			);
			currentVersion = BF2431A11C28C12800B45F35 /* Act_Accordingly.xcdatamodel */;
			path = Act_Accordingly.xcdatamodeld;
			sourceTree = "<group>";
			versionGroupType = wrapper.xcdatamodel;
		};
/* End XCVersionGroup section */
	};
	rootObject = BF24318E1C28C12800B45F35 /* Project object */;
}
